
Microsoft Visual Studio Solution File, Format Version 12.00
# Visual Studio Version 16
VisualStudioVersion = 16.0.30717.126
MinimumVisualStudioVersion = 10.0.40219.1
Project("{FAE04EC0-301F-11D3-BF4B-00C04F79EFBC}") = "fivem_caffe_job", "fivem_caffe_job.csproj", "{CE6F47B5-F1A9-4B0D-8303-A7C1B9182AA6}"
EndProject
Project("{FAE04EC0-301F-11D3-BF4B-00C04F79EFBC}") = "fivem_caffe_job_server", "..\server\fivem_caffe_job_server.csproj", "{8E4871B5-A1F1-4B47-9D6E-A1270C2E87DC}"
EndProject
Global
	GlobalSection(SolutionConfigurationPlatforms) = preSolution
		Debug|Any CPU = Debug|Any CPU
		Release|Any CPU = Release|Any CPU
	EndGlobalSection
	GlobalSection(ProjectConfigurationPlatforms) = postSolution
		{CE6F47B5-F1A9-4B0D-8303-A7C1B9182AA6}.Debug|Any CPU.ActiveCfg = Debug|Any CPU
		{CE6F47B5-F1A9-4B0D-8303-A7C1B9182AA6}.Debug|Any CPU.Build.0 = Debug|Any CPU
		{CE6F47B5-F1A9-4B0D-8303-A7C1B9182AA6}.Release|Any CPU.ActiveCfg = Release|Any CPU
		{CE6F47B5-F1A9-4B0D-8303-A7C1B9182AA6}.Release|Any CPU.Build.0 = Release|Any CPU
		{8E4871B5-A1F1-4B47-9D6E-A1270C2E87DC}.Debug|Any CPU.ActiveCfg = Debug|Any CPU
		{8E4871B5-A1F1-4B47-9D6E-A1270C2E87DC}.Debug|Any CPU.Build.0 = Debug|Any CPU
		{8E4871B5-A1F1-4B47-9D6E-A1270C2E87DC}.Release|Any CPU.ActiveCfg = Release|Any CPU
		{8E4871B5-A1F1-4B47-9D6E-A1270C2E87DC}.Release|Any CPU.Build.0 = Release|Any CPU
	EndGlobalSection
	GlobalSection(SolutionProperties) = preSolution
		HideSolutionNode = FALSE
	EndGlobalSection
	GlobalSection(ExtensibilityGlobals) = postSolution
		SolutionGuid = {46B20576-971F-4637-9A14-BFA4FB64949B}
	EndGlobalSection
EndGlobal
